
Microsoft Visual Studio Solution File, Format Version 12.00
# Visual Studio Version 17
VisualStudioVersion = 17.9.34616.47
MinimumVisualStudioVersion = 10.0.40219.1
Project("{FAE04EC0-301F-11D3-BF4B-00C04F79EFBC}") = "Pierwszy program 1", "Pierwszy program 1.csproj", "{68CB2F3C-904A-4899-9A91-44B78BD2C26E}"
EndProject
Global
	GlobalSection(SolutionConfigurationPlatforms) = preSolution
		Debug|Any CPU = Debug|Any CPU
		Release|Any CPU = Release|Any CPU
	EndGlobalSection
	GlobalSection(ProjectConfigurationPlatforms) = postSolution
		{68CB2F3C-904A-4899-9A91-44B78BD2C26E}.Debug|Any CPU.ActiveCfg = Debug|Any CPU
		{68CB2F3C-904A-4899-9A91-44B78BD2C26E}.Debug|Any CPU.Build.0 = Debug|Any CPU
		{68CB2F3C-904A-4899-9A91-44B78BD2C26E}.Release|Any CPU.ActiveCfg = Release|Any CPU
		{68CB2F3C-904A-4899-9A91-44B78BD2C26E}.Release|Any CPU.Build.0 = Release|Any CPU
	EndGlobalSection
	GlobalSection(SolutionProperties) = preSolution
		HideSolutionNode = FALSE
	EndGlobalSection
	GlobalSection(ExtensibilityGlobals) = postSolution
		SolutionGuid = {EF82B98B-500F-4960-B717-16750BF2E9C0}
	EndGlobalSection
EndGlobal
